// !$*UTF8*$!
{
	archiveVersion = 1;
	classes = {
	};
	objectVersion = 50;
	objects = {

/* Begin PBXBuildFile section */
		66F7B11B2174F58300DE8B27 /* AppDelegate.swift in Sources */ = {isa = PBXBuildFile; fileRef = 66F7B11A2174F58300DE8B27 /* AppDelegate.swift */; };
		66F7B11D2174F58300DE8B27 /* ViewController.swift in Sources */ = {isa = PBXBuildFile; fileRef = 66F7B11C2174F58300DE8B27 /* ViewController.swift */; };
		66F7B1202174F58300DE8B27 /* Main.storyboard in Resources */ = {isa = PBXBuildFile; fileRef = 66F7B11E2174F58300DE8B27 /* Main.storyboard */; };
		66F7B1222174F58300DE8B27 /* Assets.xcassets in Resources */ = {isa = PBXBuildFile; fileRef = 66F7B1212174F58300DE8B27 /* Assets.xcassets */; };
		66F7B1252174F58300DE8B27 /* LaunchScreen.storyboard in Resources */ = {isa = PBXBuildFile; fileRef = 66F7B1232174F58300DE8B27 /* LaunchScreen.storyboard */; };
		66F7B1302174F58400DE8B27 /* testTests.swift in Sources */ = {isa = PBXBuildFile; fileRef = 66F7B12F2174F58400DE8B27 /* testTests.swift */; };
		66F7B13B2174F58400DE8B27 /* testUITests.swift in Sources */ = {isa = PBXBuildFile; fileRef = 66F7B13A2174F58400DE8B27 /* testUITests.swift */; };
/* End PBXBuildFile section */

/* Begin PBXContainerItemProxy section */
		66F7B12C2174F58400DE8B27 /* PBXContainerItemProxy */ = {
			isa = PBXContainerItemProxy;
			containerPortal = 66F7B10F2174F58300DE8B27 /* Project object */;
			proxyType = 1;
			remoteGlobalIDString = 66F7B1162174F58300DE8B27;
			remoteInfo = test;
		};
		66F7B1372174F58400DE8B27 /* PBXContainerItemProxy */ = {
			isa = PBXContainerItemProxy;
			containerPortal = 66F7B10F2174F58300DE8B27 /* Project object */;
			proxyType = 1;
			remoteGlobalIDString = 66F7B1162174F58300DE8B27;
			remoteInfo = test;
		};
/* End PBXContainerItemProxy section */

/* Begin PBXFileReference section */
		66F7B1172174F58300DE8B27 /* test.app */ = {isa = PBXFileReference; explicitFileType = wrapper.application; includeInIndex = 0; path = test.app; sourceTree = BUILT_PRODUCTS_DIR; };
		66F7B11A2174F58300DE8B27 /* AppDelegate.swift */ = {isa = PBXFileReference; lastKnownFileType = sourcecode.swift; path = AppDelegate.swift; sourceTree = "<group>"; };
		66F7B11C2174F58300DE8B27 /* ViewController.swift */ = {isa = PBXFileReference; lastKnownFileType = sourcecode.swift; path = ViewController.swift; sourceTree = "<group>"; };
		66F7B11F2174F58300DE8B27 /* Base */ = {isa = PBXFileReference; lastKnownFileType = file.storyboard; name = Base; path = Base.lproj/Main.storyboard; sourceTree = "<group>"; };
		66F7B1212174F58300DE8B27 /* Assets.xcassets */ = {isa = PBXFileReference; lastKnownFileType = folder.assetcatalog; path = Assets.xcassets; sourceTree = "<group>"; };
		66F7B1242174F58300DE8B27 /* Base */ = {isa = PBXFileReference; lastKnownFileType = file.storyboard; name = Base; path = Base.lproj/LaunchScreen.storyboard; sourceTree = "<group>"; };
		66F7B1262174F58300DE8B27 /* Info.plist */ = {isa = PBXFileReference; lastKnownFileType = text.plist.xml; path = Info.plist; sourceTree = "<group>"; };
		66F7B12B2174F58400DE8B27 /* testTests.xctest */ = {isa = PBXFileReference; explicitFileType = wrapper.cfbundle; includeInIndex = 0; path = testTests.xctest; sourceTree = BUILT_PRODUCTS_DIR; };
		66F7B12F2174F58400DE8B27 /* testTests.swift */ = {isa = PBXFileReference; lastKnownFileType = sourcecode.swift; path = testTests.swift; sourceTree = "<group>"; };
		66F7B1312174F58400DE8B27 /* Info.plist */ = {isa = PBXFileReference; lastKnownFileType = text.plist.xml; path = Info.plist; sourceTree = "<group>"; };
		66F7B1362174F58400DE8B27 /* testUITests.xctest */ = {isa = PBXFileReference; explicitFileType = wrapper.cfbundle; includeInIndex = 0; path = testUITests.xctest; sourceTree = BUILT_PRODUCTS_DIR; };
		66F7B13A2174F58400DE8B27 /* testUITests.swift */ = {isa = PBXFileReference; lastKnownFileType = sourcecode.swift; path = testUITests.swift; sourceTree = "<group>"; };
		66F7B13C2174F58400DE8B27 /* Info.plist */ = {isa = PBXFileReference; lastKnownFileType = text.plist.xml; path = Info.plist; sourceTree = "<group>"; };
/* End PBXFileReference section */

/* Begin PBXFrameworksBuildPhase section */
		66F7B1142174F58300DE8B27 /* Frameworks */ = {
			isa = PBXFrameworksBuildPhase;
			buildActionMask = 2147483647;
			files = (
			);
			runOnlyForDeploymentPostprocessing = 0;
		};
		66F7B1282174F58400DE8B27 /* Frameworks */ = {
			isa = PBXFrameworksBuildPhase;
			buildActionMask = 2147483647;
			files = (
			);
			runOnlyForDeploymentPostprocessing = 0;
		};
		66F7B1332174F58400DE8B27 /* Frameworks */ = {
			isa = PBXFrameworksBuildPhase;
			buildActionMask = 2147483647;
			files = (
			);
			runOnlyForDeploymentPostprocessing = 0;
		};
/* End PBXFrameworksBuildPhase section */

/* Begin PBXGroup section */
		66F7B10E2174F58300DE8B27 = {
			isa = PBXGroup;
			children = (
				66F7B1192174F58300DE8B27 /* test */,
				66F7B12E2174F58400DE8B27 /* testTests */,
				66F7B1392174F58400DE8B27 /* testUITests */,
				66F7B1182174F58300DE8B27 /* Products */,
			);
			sourceTree = "<group>";
		};
		66F7B1182174F58300DE8B27 /* Products */ = {
			isa = PBXGroup;
			children = (
				66F7B1172174F58300DE8B27 /* test.app */,
				66F7B12B2174F58400DE8B27 /* testTests.xctest */,
				66F7B1362174F58400DE8B27 /* testUITests.xctest */,
			);
			name = Products;
			sourceTree = "<group>";
		};
		66F7B1192174F58300DE8B27 /* test */ = {
			isa = PBXGroup;
			children = (
				66F7B11A2174F58300DE8B27 /* AppDelegate.swift */,
				66F7B11C2174F58300DE8B27 /* ViewController.swift */,
				66F7B11E2174F58300DE8B27 /* Main.storyboard */,
				66F7B1212174F58300DE8B27 /* Assets.xcassets */,
				66F7B1232174F58300DE8B27 /* LaunchScreen.storyboard */,
				66F7B1262174F58300DE8B27 /* Info.plist */,
			);
			path = test;
			sourceTree = "<group>";
		};
		66F7B12E2174F58400DE8B27 /* testTests */ = {
			isa = PBXGroup;
			children = (
				66F7B12F2174F58400DE8B27 /* testTests.swift */,
				66F7B1312174F58400DE8B27 /* Info.plist */,
			);
			path = testTests;
			sourceTree = "<group>";
		};
		66F7B1392174F58400DE8B27 /* testUITests */ = {
			isa = PBXGroup;
			children = (
				66F7B13A2174F58400DE8B27 /* testUITests.swift */,
				66F7B13C2174F58400DE8B27 /* Info.plist */,
			);
			path = testUITests;
			sourceTree = "<group>";
		};
/* End PBXGroup section */

/* Begin PBXNativeTarget section */
		66F7B1162174F58300DE8B27 /* test */ = {
			isa = PBXNativeTarget;
			buildConfigurationList = 66F7B13F2174F58400DE8B27 /* Build configuration list for PBXNativeTarget "test" */;
			buildPhases = (
				66F7B1132174F58300DE8B27 /* Sources */,
				66F7B1142174F58300DE8B27 /* Frameworks */,
				66F7B1152174F58300DE8B27 /* Resources */,
			);
			buildRules = (
			);
			dependencies = (
			);
			name = test;
			productName = test;
			productReference = 66F7B1172174F58300DE8B27 /* test.app */;
			productType = "com.apple.product-type.application";
		};
		66F7B12A2174F58400DE8B27 /* testTests */ = {
			isa = PBXNativeTarget;
			buildConfigurationList = 66F7B1422174F58400DE8B27 /* Build configuration list for PBXNativeTarget "testTests" */;
			buildPhases = (
				66F7B1272174F58400DE8B27 /* Sources */,
				66F7B1282174F58400DE8B27 /* Frameworks */,
				66F7B1292174F58400DE8B27 /* Resources */,
			);
			buildRules = (
			);
			dependencies = (
				66F7B12D2174F58400DE8B27 /* PBXTargetDependency */,
			);
			name = testTests;
			productName = testTests;
			productReference = 66F7B12B2174F58400DE8B27 /* testTests.xctest */;
			productType = "com.apple.product-type.bundle.unit-test";
		};
		66F7B1352174F58400DE8B27 /* testUITests */ = {
			isa = PBXNativeTarget;
			buildConfigurationList = 66F7B1452174F58400DE8B27 /* Build configuration list for PBXNativeTarget "testUITests" */;
			buildPhases = (
				66F7B1322174F58400DE8B27 /* Sources */,
				66F7B1332174F58400DE8B27 /* Frameworks */,
				66F7B1342174F58400DE8B27 /* Resources */,
			);
			buildRules = (
			);
			dependencies = (
				66F7B1382174F58400DE8B27 /* PBXTargetDependency */,
			);
			name = testUITests;
			productName = testUITests;
			productReference = 66F7B1362174F58400DE8B27 /* testUITests.xctest */;
			productType = "com.apple.product-type.bundle.ui-testing";
		};
/* End PBXNativeTarget section */

/* Begin PBXProject section */
		66F7B10F2174F58300DE8B27 /* Project object */ = {
			isa = PBXProject;
			attributes = {
				LastSwiftUpdateCheck = 0930;
				LastUpgradeCheck = 0930;
				ORGANIZATIONNAME = Chendaobin;
				TargetAttributes = {
					66F7B1162174F58300DE8B27 = {
						CreatedOnToolsVersion = 9.3.1;
					};
					66F7B12A2174F58400DE8B27 = {
						CreatedOnToolsVersion = 9.3.1;
						TestTargetID = 66F7B1162174F58300DE8B27;
					};
					66F7B1352174F58400DE8B27 = {
						CreatedOnToolsVersion = 9.3.1;
						TestTargetID = 66F7B1162174F58300DE8B27;
					};
				};
			};
			buildConfigurationList = 66F7B1122174F58300DE8B27 /* Build configuration list for PBXProject "test" */;
			compatibilityVersion = "Xcode 9.3";
			developmentRegion = en;
			hasScannedForEncodings = 0;
			knownRegions = (
				en,
				Base,
			);
			mainGroup = 66F7B10E2174F58300DE8B27;
			productRefGroup = 66F7B1182174F58300DE8B27 /* Products */;
			projectDirPath = "";
			projectRoot = "";
			targets = (
				66F7B1162174F58300DE8B27 /* test */,
				66F7B12A2174F58400DE8B27 /* testTests */,
				66F7B1352174F58400DE8B27 /* testUITests */,
			);
		};
/* End PBXProject section */

/* Begin PBXResourcesBuildPhase section */
		66F7B1152174F58300DE8B27 /* Resources */ = {
			isa = PBXResourcesBuildPhase;
			buildActionMask = 2147483647;
			files = (
				66F7B1252174F58300DE8B27 /* LaunchScreen.storyboard in Resources */,
				66F7B1222174F58300DE8B27 /* Assets.xcassets in Resources */,
				66F7B1202174F58300DE8B27 /* Main.storyboard in Resources */,
			);
			runOnlyForDeploymentPostprocessing = 0;
		};
		66F7B1292174F58400DE8B27 /* Resources */ = {
			isa = PBXResourcesBuildPhase;
			buildActionMask = 2147483647;
			files = (
			);
			runOnlyForDeploymentPostprocessing = 0;
		};
		66F7B1342174F58400DE8B27 /* Resources */ = {
			isa = PBXResourcesBuildPhase;
			buildActionMask = 2147483647;
			files = (
			);
			runOnlyForDeploymentPostprocessing = 0;
		};
/* End PBXResourcesBuildPhase section */

/* Begin PBXSourcesBuildPhase section */
		66F7B1132174F58300DE8B27 /* Sources */ = {
			isa = PBXSourcesBuildPhase;
			buildActionMask = 2147483647;
			files = (
				66F7B11D2174F58300DE8B27 /* ViewController.swift in Sources */,
				66F7B11B2174F58300DE8B27 /* AppDelegate.swift in Sources */,
			);
			runOnlyForDeploymentPostprocessing = 0;
		};
		66F7B1272174F58400DE8B27 /* Sources */ = {
			isa = PBXSourcesBuildPhase;
			buildActionMask = 2147483647;
			files = (
				66F7B1302174F58400DE8B27 /* testTests.swift in Sources */,
			);
			runOnlyForDeploymentPostprocessing = 0;
		};
		66F7B1322174F58400DE8B27 /* Sources */ = {
			isa = PBXSourcesBuildPhase;
			buildActionMask = 2147483647;
			files = (
				66F7B13B2174F58400DE8B27 /* testUITests.swift in Sources */,
			);
			runOnlyForDeploymentPostprocessing = 0;
		};
/* End PBXSourcesBuildPhase section */

/* Begin PBXTargetDependency section */
		66F7B12D2174F58400DE8B27 /* PBXTargetDependency */ = {
			isa = PBXTargetDependency;
			target = 66F7B1162174F58300DE8B27 /* test */;
			targetProxy = 66F7B12C2174F58400DE8B27 /* PBXContainerItemProxy */;
		};
		66F7B1382174F58400DE8B27 /* PBXTargetDependency */ = {
			isa = PBXTargetDependency;
			target = 66F7B1162174F58300DE8B27 /* test */;
			targetProxy = 66F7B1372174F58400DE8B27 /* PBXContainerItemProxy */;
		};
/* End PBXTargetDependency section */

/* Begin PBXVariantGroup section */
		66F7B11E2174F58300DE8B27 /* Main.storyboard */ = {
			isa = PBXVariantGroup;
			children = (
				66F7B11F2174F58300DE8B27 /* Base */,
			);
			name = Main.storyboard;
			sourceTree = "<group>";
		};
		66F7B1232174F58300DE8B27 /* LaunchScreen.storyboard */ = {
			isa = PBXVariantGroup;
			children = (
				66F7B1242174F58300DE8B27 /* Base */,
			);
			name = LaunchScreen.storyboard;
			sourceTree = "<group>";
		};
/* End PBXVariantGroup section */

/* Begin XCBuildConfiguration section */
		66F7B13D2174F58400DE8B27 /* Debug */ = {
			isa = XCBuildConfiguration;
			buildSettings = {
				ALWAYS_SEARCH_USER_PATHS = NO;
				CLANG_ANALYZER_NONNULL = YES;
				CLANG_ANALYZER_NUMBER_OBJECT_CONVERSION = YES_AGGRESSIVE;
				CLANG_CXX_LANGUAGE_STANDARD = "gnu++14";
				CLANG_CXX_LIBRARY = "libc++";
				CLANG_ENABLE_MODULES = YES;
				CLANG_ENABLE_OBJC_ARC = YES;
				CLANG_ENABLE_OBJC_WEAK = YES;
				CLANG_WARN_BLOCK_CAPTURE_AUTORELEASING = YES;
				CLANG_WARN_BOOL_CONVERSION = YES;
				CLANG_WARN_COMMA = YES;
				CLANG_WARN_CONSTANT_CONVERSION = YES;
				CLANG_WARN_DEPRECATED_OBJC_IMPLEMENTATIONS = YES;
				CLANG_WARN_DIRECT_OBJC_ISA_USAGE = YES_ERROR;
				CLANG_WARN_DOCUMENTATION_COMMENTS = YES;
				CLANG_WARN_EMPTY_BODY = YES;
				CLANG_WARN_ENUM_CONVERSION = YES;
				CLANG_WARN_INFINITE_RECURSION = YES;
				CLANG_WARN_INT_CONVERSION = YES;
				CLANG_WARN_NON_LITERAL_NULL_CONVERSION = YES;
				CLANG_WARN_OBJC_IMPLICIT_RETAIN_SELF = YES;
				CLANG_WARN_OBJC_LITERAL_CONVERSION = YES;
				CLANG_WARN_OBJC_ROOT_CLASS = YES_ERROR;
				CLANG_WARN_RANGE_LOOP_ANALYSIS = YES;
				CLANG_WARN_STRICT_PROTOTYPES = YES;
				CLANG_WARN_SUSPICIOUS_MOVE = YES;
				CLANG_WARN_UNGUARDED_AVAILABILITY = YES_AGGRESSIVE;
				CLANG_WARN_UNREACHABLE_CODE = YES;
				CLANG_WARN__DUPLICATE_METHOD_MATCH = YES;
				CODE_SIGN_IDENTITY = "iPhone Developer";
				COPY_PHASE_STRIP = NO;
				DEBUG_INFORMATION_FORMAT = dwarf;
				ENABLE_STRICT_OBJC_MSGSEND = YES;
				ENABLE_TESTABILITY = YES;
				GCC_C_LANGUAGE_STANDARD = gnu11;
				GCC_DYNAMIC_NO_PIC = NO;
				GCC_NO_COMMON_BLOCKS = YES;
				GCC_OPTIMIZATION_LEVEL = 0;
				GCC_PREPROCESSOR_DEFINITIONS = (
					"DEBUG=1",
					"$(inherited)",
				);
				GCC_WARN_64_TO_32_BIT_CONVERSION = YES;
				GCC_WARN_ABOUT_RETURN_TYPE = YES_ERROR;
				GCC_WARN_UNDECLARED_SELECTOR = YES;
				GCC_WARN_UNINITIALIZED_AUTOS = YES_AGGRESSIVE;
				GCC_WARN_UNUSED_FUNCTION = YES;
				GCC_WARN_UNUSED_VARIABLE = YES;
				IPHONEOS_DEPLOYMENT_TARGET = 11.3;
				MTL_ENABLE_DEBUG_INFO = YES;
				ONLY_ACTIVE_ARCH = YES;
				SDKROOT = iphoneos;
				SWIFT_ACTIVE_COMPILATION_CONDITIONS = DEBUG;
				SWIFT_OPTIMIZATION_LEVEL = "-Onone";
			};
			name = Debug;
		};
		66F7B13E2174F58400DE8B27 /* Release */ = {
			isa = XCBuildConfiguration;
			buildSettings = {
				ALWAYS_SEARCH_USER_PATHS = NO;
				CLANG_ANALYZER_NONNULL = YES;
				CLANG_ANALYZER_NUMBER_OBJECT_CONVERSION = YES_AGGRESSIVE;
				CLANG_CXX_LANGUAGE_STANDARD = "gnu++14";
				CLANG_CXX_LIBRARY = "libc++";
				CLANG_ENABLE_MODULES = YES;
				CLANG_ENABLE_OBJC_ARC = YES;
				CLANG_ENABLE_OBJC_WEAK = YES;
				CLANG_WARN_BLOCK_CAPTURE_AUTORELEASING = YES;
				CLANG_WARN_BOOL_CONVERSION = YES;
				CLANG_WARN_COMMA = YES;
				CLANG_WARN_CONSTANT_CONVERSION = YES;
				CLANG_WARN_DEPRECATED_OBJC_IMPLEMENTATIONS = YES;
				CLANG_WARN_DIRECT_OBJC_ISA_USAGE = YES_ERROR;
				CLANG_WARN_DOCUMENTATION_COMMENTS = YES;
				CLANG_WARN_EMPTY_BODY = YES;
				CLANG_WARN_ENUM_CONVERSION = YES;
				CLANG_WARN_INFINITE_RECURSION = YES;
				CLANG_WARN_INT_CONVERSION = YES;
				CLANG_WARN_NON_LITERAL_NULL_CONVERSION = YES;
				CLANG_WARN_OBJC_IMPLICIT_RETAIN_SELF = YES;
				CLANG_WARN_OBJC_LITERAL_CONVERSION = YES;
				CLANG_WARN_OBJC_ROOT_CLASS = YES_ERROR;
				CLANG_WARN_RANGE_LOOP_ANALYSIS = YES;
				CLANG_WARN_STRICT_PROTOTYPES = YES;
				CLANG_WARN_SUSPICIOUS_MOVE = YES;
				CLANG_WARN_UNGUARDED_AVAILABILITY = YES_AGGRESSIVE;
				CLANG_WARN_UNREACHABLE_CODE = YES;
				CLANG_WARN__DUPLICATE_METHOD_MATCH = YES;
				CODE_SIGN_IDENTITY = "iPhone Developer";
				COPY_PHASE_STRIP = NO;
				DEBUG_INFORMATION_FORMAT = "dwarf-with-dsym";
				ENABLE_NS_ASSERTIONS = NO;
				ENABLE_STRICT_OBJC_MSGSEND = YES;
				GCC_C_LANGUAGE_STANDARD = gnu11;
				GCC_NO_COMMON_BLOCKS = YES;
				GCC_WARN_64_TO_32_BIT_CONVERSION = YES;
				GCC_WARN_ABOUT_RETURN_TYPE = YES_ERROR;
				GCC_WARN_UNDECLARED_SELECTOR = YES;
				GCC_WARN_UNINITIALIZED_AUTOS = YES_AGGRESSIVE;
				GCC_WARN_UNUSED_FUNCTION = YES;
				GCC_WARN_UNUSED_VARIABLE = YES;
				IPHONEOS_DEPLOYMENT_TARGET = 11.3;
				MTL_ENABLE_DEBUG_INFO = NO;
				SDKROOT = iphoneos;
				SWIFT_COMPILATION_MODE = wholemodule;
				SWIFT_OPTIMIZATION_LEVEL = "-O";
				VALIDATE_PRODUCT = YES;
			};
			name = Release;
		};
		66F7B1402174F58400DE8B27 /* Debug */ = {
			isa = XCBuildConfiguration;
			buildSettings = {
				ASSETCATALOG_COMPILER_APPICON_NAME = AppIcon;
				CODE_SIGN_STYLE = Automatic;
				INFOPLIST_FILE = test/Info.plist;
				LD_RUNPATH_SEARCH_PATHS = (
					"$(inherited)",
					"@executable_path/Frameworks",
				);
				PRODUCT_BUNDLE_IDENTIFIER = com.hedui.test;
				PRODUCT_NAME = "$(TARGET_NAME)";
				SWIFT_VERSION = 4.0;
				TARGETED_DEVICE_FAMILY = "1,2";
			};
			name = Debug;
		};
		66F7B1412174F58400DE8B27 /* Release */ = {
			isa = XCBuildConfiguration;
			buildSettings = {
				ASSETCATALOG_COMPILER_APPICON_NAME = AppIcon;
				CODE_SIGN_STYLE = Automatic;
				INFOPLIST_FILE = test/Info.plist;
				LD_RUNPATH_SEARCH_PATHS = (
					"$(inherited)",
					"@executable_path/Frameworks",
				);
				PRODUCT_BUNDLE_IDENTIFIER = com.hedui.test;
				PRODUCT_NAME = "$(TARGET_NAME)";
				SWIFT_VERSION = 4.0;
				TARGETED_DEVICE_FAMILY = "1,2";
			};
			name = Release;
		};
		66F7B1432174F58400DE8B27 /* Debug */ = {
			isa = XCBuildConfiguration;
			buildSettings = {
				ALWAYS_EMBED_SWIFT_STANDARD_LIBRARIES = YES;
				BUNDLE_LOADER = "$(TEST_HOST)";
				CODE_SIGN_STYLE = Automatic;
				INFOPLIST_FILE = testTests/Info.plist;
				LD_RUNPATH_SEARCH_PATHS = (
					"$(inherited)",
					"@executable_path/Frameworks",
					"@loader_path/Frameworks",
				);
				PRODUCT_BUNDLE_IDENTIFIER = com.hedui.testTests;
				PRODUCT_NAME = "$(TARGET_NAME)";
				SWIFT_VERSION = 4.0;
				TARGETED_DEVICE_FAMILY = "1,2";
				TEST_HOST = "$(BUILT_PRODUCTS_DIR)/test.app/test";
			};
			name = Debug;
		};
		66F7B1442174F58400DE8B27 /* Release */ = {
			isa = XCBuildConfiguration;
			buildSettings = {
				ALWAYS_EMBED_SWIFT_STANDARD_LIBRARIES = YES;
				BUNDLE_LOADER = "$(TEST_HOST)";
				CODE_SIGN_STYLE = Automatic;
				INFOPLIST_FILE = testTests/Info.plist;
				LD_RUNPATH_SEARCH_PATHS = (
					"$(inherited)",
					"@executable_path/Frameworks",
					"@loader_path/Frameworks",
				);
				PRODUCT_BUNDLE_IDENTIFIER = com.hedui.testTests;
				PRODUCT_NAME = "$(TARGET_NAME)";
				SWIFT_VERSION = 4.0;
				TARGETED_DEVICE_FAMILY = "1,2";
				TEST_HOST = "$(BUILT_PRODUCTS_DIR)/test.app/test";
			};
			name = Release;
		};
		66F7B1462174F58400DE8B27 /* Debug */ = {
			isa = XCBuildConfiguration;
			buildSettings = {
				ALWAYS_EMBED_SWIFT_STANDARD_LIBRARIES = YES;
				CODE_SIGN_STYLE = Automatic;
				INFOPLIST_FILE = testUITests/Info.plist;
				LD_RUNPATH_SEARCH_PATHS = (
					"$(inherited)",
					"@executable_path/Frameworks",
					"@loader_path/Frameworks",
				);
				PRODUCT_BUNDLE_IDENTIFIER = com.hedui.testUITests;
				PRODUCT_NAME = "$(TARGET_NAME)";
				SWIFT_VERSION = 4.0;
				TARGETED_DEVICE_FAMILY = "1,2";
				TEST_TARGET_NAME = test;
			};
			name = Debug;
		};
		66F7B1472174F58400DE8B27 /* Release */ = {
			isa = XCBuildConfiguration;
			buildSettings = {
				ALWAYS_EMBED_SWIFT_STANDARD_LIBRARIES = YES;
				CODE_SIGN_STYLE = Automatic;
				INFOPLIST_FILE = testUITests/Info.plist;
				LD_RUNPATH_SEARCH_PATHS = (
					"$(inherited)",
					"@executable_path/Frameworks",
					"@loader_path/Frameworks",
				);
				PRODUCT_BUNDLE_IDENTIFIER = com.hedui.testUITests;
				PRODUCT_NAME = "$(TARGET_NAME)";
				SWIFT_VERSION = 4.0;
				TARGETED_DEVICE_FAMILY = "1,2";
				TEST_TARGET_NAME = test;
			};
			name = Release;
		};
/* End XCBuildConfiguration section */

/* Begin XCConfigurationList section */
		66F7B1122174F58300DE8B27 /* Build configuration list for PBXProject "test" */ = {
			isa = XCConfigurationList;
			buildConfigurations = (
				66F7B13D2174F58400DE8B27 /* Debug */,
				66F7B13E2174F58400DE8B27 /* Release */,
			);
			defaultConfigurationIsVisible = 0;
			defaultConfigurationName = Release;
		};
		66F7B13F2174F58400DE8B27 /* Build configuration list for PBXNativeTarget "test" */ = {
			isa = XCConfigurationList;
			buildConfigurations = (
				66F7B1402174F58400DE8B27 /* Debug */,
				66F7B1412174F58400DE8B27 /* Release */,
			);
			defaultConfigurationIsVisible = 0;
			defaultConfigurationName = Release;
		};
		66F7B1422174F58400DE8B27 /* Build configuration list for PBXNativeTarget "testTests" */ = {
			isa = XCConfigurationList;
			buildConfigurations = (
				66F7B1432174F58400DE8B27 /* Debug */,
				66F7B1442174F58400DE8B27 /* Release */,
			);
			defaultConfigurationIsVisible = 0;
			defaultConfigurationName = Release;
		};
		66F7B1452174F58400DE8B27 /* Build configuration list for PBXNativeTarget "testUITests" */ = {
			isa = XCConfigurationList;
			buildConfigurations = (
				66F7B1462174F58400DE8B27 /* Debug */,
				66F7B1472174F58400DE8B27 /* Release */,
			);
			defaultConfigurationIsVisible = 0;
			defaultConfigurationName = Release;
		};
/* End XCConfigurationList section */
	};
	rootObject = 66F7B10F2174F58300DE8B27 /* Project object */;
}
